{
  "name": "@suwatte/validate",
  "version": "2.0.0",
  "lockfileVersion": 3,
  "requires": true,
  "packages": {
    "": {
      "name": "@suwatte/validate",
      "version": "2.0.0",
      "license": "MIT",
      "dependencies": {
        "@suwatte/daisuke": "^3.0.5",
        "zod": "^3.22.2"
      },
      "devDependencies": {
        "typescript": "^5.2.2"
      }
    },
    "node_modules/@suwatte/daisuke": {
      "version": "3.0.5",
      "resolved": "https://registry.npmjs.org/@suwatte/daisuke/-/daisuke-3.0.5.tgz",
      "integrity": "sha512-slKWCeLKSfjtvxHdxTaG8eLW7rbuf7Rja7VQj7NjSimV3Chfrkaxds32xu//dN/g9BWaGN9VBwAl37bc27tNEw=="
    },
    "node_modules/typescript": {
      "version": "5.2.2",
      "resolved": "https://registry.npmjs.org/typescript/-/typescript-5.2.2.tgz",
      "integrity": "sha512-mI4WrpHsbCIcwT9cF4FZvr80QUeKvsUsUvKDoR+X/7XHQH98xYD8YHZg7ANtz2GtZt/CBq2QJ0thkGJMHfqc1w==",
      "dev": true,
      "bin": {
        "tsc": "bin/tsc",
        "tsserver": "bin/tsserver"
      },
      "engines": {
        "node": ">=14.17"
      }
    },
    "node_modules/zod": {
      "version": "3.22.2",
      "resolved": "https://registry.npmjs.org/zod/-/zod-3.22.2.tgz",
      "integrity": "sha512-wvWkphh5WQsJbVk1tbx1l1Ly4yg+XecD+Mq280uBGt9wa5BKSWf4Mhp6GmrkPixhMxmabYY7RbzlwVP32pbGCg==",
      "funding": {
        "url": "https://github.com/sponsors/colinhacks"
      }
    }
  }
}
